// !$*UTF8*$!
{
	archiveVersion = 1;
	classes = {
	};
	objectVersion = 48;
	objects = {

/* Begin PBXBuildFile section */
		5EB9E51D20BD6A5400C42C8C /* AppDelegate.swift in Sources */ = {isa = PBXBuildFile; fileRef = 5EB9E51C20BD6A5400C42C8C /* AppDelegate.swift */; };
		5EB9E51F20BD6A5400C42C8C /* ViewController.swift in Sources */ = {isa = PBXBuildFile; fileRef = 5EB9E51E20BD6A5400C42C8C /* ViewController.swift */; };
		5EB9E52220BD6A5400C42C8C /* Main.storyboard in Resources */ = {isa = PBXBuildFile; fileRef = 5EB9E52020BD6A5400C42C8C /* Main.storyboard */; };
		5EB9E52420BD6A5500C42C8C /* Assets.xcassets in Resources */ = {isa = PBXBuildFile; fileRef = 5EB9E52320BD6A5500C42C8C /* Assets.xcassets */; };
		5EB9E52720BD6A5500C42C8C /* LaunchScreen.storyboard in Resources */ = {isa = PBXBuildFile; fileRef = 5EB9E52520BD6A5500C42C8C /* LaunchScreen.storyboard */; };
		5EB9E52F20BD6F3200C42C8C /* TableViewCell.swift in Sources */ = {isa = PBXBuildFile; fileRef = 5EB9E52E20BD6F3200C42C8C /* TableViewCell.swift */; };
		5EB9E53120BD6F9400C42C8C /* CollectionViewCell.swift in Sources */ = {isa = PBXBuildFile; fileRef = 5EB9E53020BD6F9400C42C8C /* CollectionViewCell.swift */; };
		5EB9E53320BD7BC600C42C8C /* seco.swift in Sources */ = {isa = PBXBuildFile; fileRef = 5EB9E53220BD7BC600C42C8C /* seco.swift */; };
/* End PBXBuildFile section */

/* Begin PBXFileReference section */
		5EB9E51920BD6A5400C42C8C /* TableInCollection.app */ = {isa = PBXFileReference; explicitFileType = wrapper.application; includeInIndex = 0; path = TableInCollection.app; sourceTree = BUILT_PRODUCTS_DIR; };
		5EB9E51C20BD6A5400C42C8C /* AppDelegate.swift */ = {isa = PBXFileReference; lastKnownFileType = sourcecode.swift; path = AppDelegate.swift; sourceTree = "<group>"; };
		5EB9E51E20BD6A5400C42C8C /* ViewController.swift */ = {isa = PBXFileReference; lastKnownFileType = sourcecode.swift; path = ViewController.swift; sourceTree = "<group>"; };
		5EB9E52120BD6A5400C42C8C /* Base */ = {isa = PBXFileReference; lastKnownFileType = file.storyboard; name = Base; path = Base.lproj/Main.storyboard; sourceTree = "<group>"; };
		5EB9E52320BD6A5500C42C8C /* Assets.xcassets */ = {isa = PBXFileReference; lastKnownFileType = folder.assetcatalog; path = Assets.xcassets; sourceTree = "<group>"; };
		5EB9E52620BD6A5500C42C8C /* Base */ = {isa = PBXFileReference; lastKnownFileType = file.storyboard; name = Base; path = Base.lproj/LaunchScreen.storyboard; sourceTree = "<group>"; };
		5EB9E52820BD6A5500C42C8C /* Info.plist */ = {isa = PBXFileReference; lastKnownFileType = text.plist.xml; path = Info.plist; sourceTree = "<group>"; };
		5EB9E52E20BD6F3200C42C8C /* TableViewCell.swift */ = {isa = PBXFileReference; lastKnownFileType = sourcecode.swift; path = TableViewCell.swift; sourceTree = "<group>"; };
		5EB9E53020BD6F9400C42C8C /* CollectionViewCell.swift */ = {isa = PBXFileReference; lastKnownFileType = sourcecode.swift; path = CollectionViewCell.swift; sourceTree = "<group>"; };
		5EB9E53220BD7BC600C42C8C /* seco.swift */ = {isa = PBXFileReference; lastKnownFileType = sourcecode.swift; path = seco.swift; sourceTree = "<group>"; };
/* End PBXFileReference section */

/* Begin PBXFrameworksBuildPhase section */
		5EB9E51620BD6A5400C42C8C /* Frameworks */ = {
			isa = PBXFrameworksBuildPhase;
			buildActionMask = 2147483647;
			files = (
			);
			runOnlyForDeploymentPostprocessing = 0;
		};
/* End PBXFrameworksBuildPhase section */

/* Begin PBXGroup section */
		5EB9E51020BD6A5400C42C8C = {
			isa = PBXGroup;
			children = (
				5EB9E51B20BD6A5400C42C8C /* TableInCollection */,
				5EB9E51A20BD6A5400C42C8C /* Products */,
			);
			sourceTree = "<group>";
		};
		5EB9E51A20BD6A5400C42C8C /* Products */ = {
			isa = PBXGroup;
			children = (
				5EB9E51920BD6A5400C42C8C /* TableInCollection.app */,
			);
			name = Products;
			sourceTree = "<group>";
		};
		5EB9E51B20BD6A5400C42C8C /* TableInCollection */ = {
			isa = PBXGroup;
			children = (
				5EB9E51C20BD6A5400C42C8C /* AppDelegate.swift */,
				5EB9E51E20BD6A5400C42C8C /* ViewController.swift */,
				5EB9E52020BD6A5400C42C8C /* Main.storyboard */,
				5EB9E52320BD6A5500C42C8C /* Assets.xcassets */,
				5EB9E52520BD6A5500C42C8C /* LaunchScreen.storyboard */,
				5EB9E52820BD6A5500C42C8C /* Info.plist */,
				5EB9E52E20BD6F3200C42C8C /* TableViewCell.swift */,
				5EB9E53020BD6F9400C42C8C /* CollectionViewCell.swift */,
				5EB9E53220BD7BC600C42C8C /* seco.swift */,
			);
			path = TableInCollection;
			sourceTree = "<group>";
		};
/* End PBXGroup section */

/* Begin PBXNativeTarget section */
		5EB9E51820BD6A5400C42C8C /* TableInCollection */ = {
			isa = PBXNativeTarget;
			buildConfigurationList = 5EB9E52B20BD6A5500C42C8C /* Build configuration list for PBXNativeTarget "TableInCollection" */;
			buildPhases = (
				5EB9E51520BD6A5400C42C8C /* Sources */,
				5EB9E51620BD6A5400C42C8C /* Frameworks */,
				5EB9E51720BD6A5400C42C8C /* Resources */,
			);
			buildRules = (
			);
			dependencies = (
			);
			name = TableInCollection;
			productName = TableInCollection;
			productReference = 5EB9E51920BD6A5400C42C8C /* TableInCollection.app */;
			productType = "com.apple.product-type.application";
		};
/* End PBXNativeTarget section */

/* Begin PBXProject section */
		5EB9E51120BD6A5400C42C8C /* Project object */ = {
			isa = PBXProject;
			attributes = {
				LastSwiftUpdateCheck = 0910;
				LastUpgradeCheck = 0910;
				ORGANIZATIONNAME = agile;
				TargetAttributes = {
					5EB9E51820BD6A5400C42C8C = {
						CreatedOnToolsVersion = 9.1;
						ProvisioningStyle = Automatic;
					};
				};
			};
			buildConfigurationList = 5EB9E51420BD6A5400C42C8C /* Build configuration list for PBXProject "TableInCollection" */;
			compatibilityVersion = "Xcode 8.0";
			developmentRegion = en;
			hasScannedForEncodings = 0;
			knownRegions = (
				en,
				Base,
			);
			mainGroup = 5EB9E51020BD6A5400C42C8C;
			productRefGroup = 5EB9E51A20BD6A5400C42C8C /* Products */;
			projectDirPath = "";
			projectRoot = "";
			targets = (
				5EB9E51820BD6A5400C42C8C /* TableInCollection */,
			);
		};
/* End PBXProject section */

/* Begin PBXResourcesBuildPhase section */
		5EB9E51720BD6A5400C42C8C /* Resources */ = {
			isa = PBXResourcesBuildPhase;
			buildActionMask = 2147483647;
			files = (
				5EB9E52720BD6A5500C42C8C /* LaunchScreen.storyboard in Resources */,
				5EB9E52420BD6A5500C42C8C /* Assets.xcassets in Resources */,
				5EB9E52220BD6A5400C42C8C /* Main.storyboard in Resources */,
			);
			runOnlyForDeploymentPostprocessing = 0;
		};
/* End PBXResourcesBuildPhase section */

/* Begin PBXSourcesBuildPhase section */
		5EB9E51520BD6A5400C42C8C /* Sources */ = {
			isa = PBXSourcesBuildPhase;
			buildActionMask = 2147483647;
			files = (
				5EB9E52F20BD6F3200C42C8C /* TableViewCell.swift in Sources */,
				5EB9E51F20BD6A5400C42C8C /* ViewController.swift in Sources */,
				5EB9E53120BD6F9400C42C8C /* CollectionViewCell.swift in Sources */,
				5EB9E51D20BD6A5400C42C8C /* AppDelegate.swift in Sources */,
				5EB9E53320BD7BC600C42C8C /* seco.swift in Sources */,
			);
			runOnlyForDeploymentPostprocessing = 0;
		};
/* End PBXSourcesBuildPhase section */

/* Begin PBXVariantGroup section */
		5EB9E52020BD6A5400C42C8C /* Main.storyboard */ = {
			isa = PBXVariantGroup;
			children = (
				5EB9E52120BD6A5400C42C8C /* Base */,
			);
			name = Main.storyboard;
			sourceTree = "<group>";
		};
		5EB9E52520BD6A5500C42C8C /* LaunchScreen.storyboard */ = {
			isa = PBXVariantGroup;
			children = (
				5EB9E52620BD6A5500C42C8C /* Base */,
			);
			name = LaunchScreen.storyboard;
			sourceTree = "<group>";
		};
/* End PBXVariantGroup section */

/* Begin XCBuildConfiguration section */
		5EB9E52920BD6A5500C42C8C /* Debug */ = {
			isa = XCBuildConfiguration;
			buildSettings = {
				ALWAYS_SEARCH_USER_PATHS = NO;
				CLANG_ANALYZER_NONNULL = YES;
				CLANG_ANALYZER_NUMBER_OBJECT_CONVERSION = YES_AGGRESSIVE;
				CLANG_CXX_LANGUAGE_STANDARD = "gnu++14";
				CLANG_CXX_LIBRARY = "libc++";
				CLANG_ENABLE_MODULES = YES;
				CLANG_ENABLE_OBJC_ARC = YES;
				CLANG_WARN_BLOCK_CAPTURE_AUTORELEASING = YES;
				CLANG_WARN_BOOL_CONVERSION = YES;
				CLANG_WARN_COMMA = YES;
				CLANG_WARN_CONSTANT_CONVERSION = YES;
				CLANG_WARN_DIRECT_OBJC_ISA_USAGE = YES_ERROR;
				CLANG_WARN_DOCUMENTATION_COMMENTS = YES;
				CLANG_WARN_EMPTY_BODY = YES;
				CLANG_WARN_ENUM_CONVERSION = YES;
				CLANG_WARN_INFINITE_RECURSION = YES;
				CLANG_WARN_INT_CONVERSION = YES;
				CLANG_WARN_NON_LITERAL_NULL_CONVERSION = YES;
				CLANG_WARN_OBJC_LITERAL_CONVERSION = YES;
				CLANG_WARN_OBJC_ROOT_CLASS = YES_ERROR;
				CLANG_WARN_RANGE_LOOP_ANALYSIS = YES;
				CLANG_WARN_STRICT_PROTOTYPES = YES;
				CLANG_WARN_SUSPICIOUS_MOVE = YES;
				CLANG_WARN_UNGUARDED_AVAILABILITY = YES_AGGRESSIVE;
				CLANG_WARN_UNREACHABLE_CODE = YES;
				CLANG_WARN__DUPLICATE_METHOD_MATCH = YES;
				CODE_SIGN_IDENTITY = "iPhone Developer";
				COPY_PHASE_STRIP = NO;
				DEBUG_INFORMATION_FORMAT = dwarf;
				ENABLE_STRICT_OBJC_MSGSEND = YES;
				ENABLE_TESTABILITY = YES;
				GCC_C_LANGUAGE_STANDARD = gnu11;
				GCC_DYNAMIC_NO_PIC = NO;
				GCC_NO_COMMON_BLOCKS = YES;
				GCC_OPTIMIZATION_LEVEL = 0;
				GCC_PREPROCESSOR_DEFINITIONS = (
					"DEBUG=1",
					"$(inherited)",
				);
				GCC_WARN_64_TO_32_BIT_CONVERSION = YES;
				GCC_WARN_ABOUT_RETURN_TYPE = YES_ERROR;
				GCC_WARN_UNDECLARED_SELECTOR = YES;
				GCC_WARN_UNINITIALIZED_AUTOS = YES_AGGRESSIVE;
				GCC_WARN_UNUSED_FUNCTION = YES;
				GCC_WARN_UNUSED_VARIABLE = YES;
				IPHONEOS_DEPLOYMENT_TARGET = 11.1;
				MTL_ENABLE_DEBUG_INFO = YES;
				ONLY_ACTIVE_ARCH = YES;
				SDKROOT = iphoneos;
				SWIFT_ACTIVE_COMPILATION_CONDITIONS = DEBUG;
				SWIFT_OPTIMIZATION_LEVEL = "-Onone";
			};
			name = Debug;
		};
		5EB9E52A20BD6A5500C42C8C /* Release */ = {
			isa = XCBuildConfiguration;
			buildSettings = {
				ALWAYS_SEARCH_USER_PATHS = NO;
				CLANG_ANALYZER_NONNULL = YES;
				CLANG_ANALYZER_NUMBER_OBJECT_CONVERSION = YES_AGGRESSIVE;
				CLANG_CXX_LANGUAGE_STANDARD = "gnu++14";
				CLANG_CXX_LIBRARY = "libc++";
				CLANG_ENABLE_MODULES = YES;
				CLANG_ENABLE_OBJC_ARC = YES;
				CLANG_WARN_BLOCK_CAPTURE_AUTORELEASING = YES;
				CLANG_WARN_BOOL_CONVERSION = YES;
				CLANG_WARN_COMMA = YES;
				CLANG_WARN_CONSTANT_CONVERSION = YES;
				CLANG_WARN_DIRECT_OBJC_ISA_USAGE = YES_ERROR;
				CLANG_WARN_DOCUMENTATION_COMMENTS = YES;
				CLANG_WARN_EMPTY_BODY = YES;
				CLANG_WARN_ENUM_CONVERSION = YES;
				CLANG_WARN_INFINITE_RECURSION = YES;
				CLANG_WARN_INT_CONVERSION = YES;
				CLANG_WARN_NON_LITERAL_NULL_CONVERSION = YES;
				CLANG_WARN_OBJC_LITERAL_CONVERSION = YES;
				CLANG_WARN_OBJC_ROOT_CLASS = YES_ERROR;
				CLANG_WARN_RANGE_LOOP_ANALYSIS = YES;
				CLANG_WARN_STRICT_PROTOTYPES = YES;
				CLANG_WARN_SUSPICIOUS_MOVE = YES;
				CLANG_WARN_UNGUARDED_AVAILABILITY = YES_AGGRESSIVE;
				CLANG_WARN_UNREACHABLE_CODE = YES;
				CLANG_WARN__DUPLICATE_METHOD_MATCH = YES;
				CODE_SIGN_IDENTITY = "iPhone Developer";
				COPY_PHASE_STRIP = NO;
				DEBUG_INFORMATION_FORMAT = "dwarf-with-dsym";
				ENABLE_NS_ASSERTIONS = NO;
				ENABLE_STRICT_OBJC_MSGSEND = YES;
				GCC_C_LANGUAGE_STANDARD = gnu11;
				GCC_NO_COMMON_BLOCKS = YES;
				GCC_WARN_64_TO_32_BIT_CONVERSION = YES;
				GCC_WARN_ABOUT_RETURN_TYPE = YES_ERROR;
				GCC_WARN_UNDECLARED_SELECTOR = YES;
				GCC_WARN_UNINITIALIZED_AUTOS = YES_AGGRESSIVE;
				GCC_WARN_UNUSED_FUNCTION = YES;
				GCC_WARN_UNUSED_VARIABLE = YES;
				IPHONEOS_DEPLOYMENT_TARGET = 11.1;
				MTL_ENABLE_DEBUG_INFO = NO;
				SDKROOT = iphoneos;
				SWIFT_OPTIMIZATION_LEVEL = "-Owholemodule";
				VALIDATE_PRODUCT = YES;
			};
			name = Release;
		};
		5EB9E52C20BD6A5500C42C8C /* Debug */ = {
			isa = XCBuildConfiguration;
			buildSettings = {
				ASSETCATALOG_COMPILER_APPICON_NAME = AppIcon;
				CODE_SIGN_STYLE = Automatic;
				INFOPLIST_FILE = TableInCollection/Info.plist;
				LD_RUNPATH_SEARCH_PATHS = "$(inherited) @executable_path/Frameworks";
				PRODUCT_BUNDLE_IDENTIFIER = agile.com.TableInCollection;
				PRODUCT_NAME = "$(TARGET_NAME)";
				SWIFT_VERSION = 4.0;
				TARGETED_DEVICE_FAMILY = "1,2";
			};
			name = Debug;
		};
		5EB9E52D20BD6A5500C42C8C /* Release */ = {
			isa = XCBuildConfiguration;
			buildSettings = {
				ASSETCATALOG_COMPILER_APPICON_NAME = AppIcon;
				CODE_SIGN_STYLE = Automatic;
				INFOPLIST_FILE = TableInCollection/Info.plist;
				LD_RUNPATH_SEARCH_PATHS = "$(inherited) @executable_path/Frameworks";
				PRODUCT_BUNDLE_IDENTIFIER = agile.com.TableInCollection;
				PRODUCT_NAME = "$(TARGET_NAME)";
				SWIFT_VERSION = 4.0;
				TARGETED_DEVICE_FAMILY = "1,2";
			};
			name = Release;
		};
/* End XCBuildConfiguration section */

/* Begin XCConfigurationList section */
		5EB9E51420BD6A5400C42C8C /* Build configuration list for PBXProject "TableInCollection" */ = {
			isa = XCConfigurationList;
			buildConfigurations = (
				5EB9E52920BD6A5500C42C8C /* Debug */,
				5EB9E52A20BD6A5500C42C8C /* Release */,
			);
			defaultConfigurationIsVisible = 0;
			defaultConfigurationName = Release;
		};
		5EB9E52B20BD6A5500C42C8C /* Build configuration list for PBXNativeTarget "TableInCollection" */ = {
			isa = XCConfigurationList;
			buildConfigurations = (
				5EB9E52C20BD6A5500C42C8C /* Debug */,
				5EB9E52D20BD6A5500C42C8C /* Release */,
			);
			defaultConfigurationIsVisible = 0;
			defaultConfigurationName = Release;
		};
/* End XCConfigurationList section */
	};
	rootObject = 5EB9E51120BD6A5400C42C8C /* Project object */;
}
